
Microsoft Visual Studio Solution File, Format Version 12.00
# Visual Studio Version 16
VisualStudioVersion = 16.0.30804.86
MinimumVisualStudioVersion = 10.0.40219.1
Project("{FAE04EC0-301F-11D3-BF4B-00C04F79EFBC}") = "numberguesser", "numberguesser\numberguesser.csproj", "{304C6BB9-D490-4D81-9DBF-D341754DBB33}"
EndProject
Global
	GlobalSection(SolutionConfigurationPlatforms) = preSolution
		Debug|Any CPU = Debug|Any CPU
		Release|Any CPU = Release|Any CPU
	EndGlobalSection
	GlobalSection(ProjectConfigurationPlatforms) = postSolution
		{304C6BB9-D490-4D81-9DBF-D341754DBB33}.Debug|Any CPU.ActiveCfg = Debug|Any CPU
		{304C6BB9-D490-4D81-9DBF-D341754DBB33}.Debug|Any CPU.Build.0 = Debug|Any CPU
		{304C6BB9-D490-4D81-9DBF-D341754DBB33}.Release|Any CPU.ActiveCfg = Release|Any CPU
		{304C6BB9-D490-4D81-9DBF-D341754DBB33}.Release|Any CPU.Build.0 = Release|Any CPU
	EndGlobalSection
	GlobalSection(SolutionProperties) = preSolution
		HideSolutionNode = FALSE
	EndGlobalSection
	GlobalSection(ExtensibilityGlobals) = postSolution
		SolutionGuid = {504E0E8B-C646-4211-8398-7C52B7F02357}
	EndGlobalSection
EndGlobal
